// !$*UTF8*$!
{
	archiveVersion = 1;
	classes = {
	};
	objectVersion = 50;
	objects = {

/* Begin PBXBuildFile section */
		5594DA492358BA5A002DBFC5 /* AppDelegate.swift in Sources */ = {isa = PBXBuildFile; fileRef = 5594DA482358BA5A002DBFC5 /* AppDelegate.swift */; };
		5594DA4B2358BA5A002DBFC5 /* SceneDelegate.swift in Sources */ = {isa = PBXBuildFile; fileRef = 5594DA4A2358BA5A002DBFC5 /* SceneDelegate.swift */; };
		5594DA4D2358BA5A002DBFC5 /* ContentView.swift in Sources */ = {isa = PBXBuildFile; fileRef = 5594DA4C2358BA5A002DBFC5 /* ContentView.swift */; };
		5594DA4F2358BA5D002DBFC5 /* Assets.xcassets in Resources */ = {isa = PBXBuildFile; fileRef = 5594DA4E2358BA5D002DBFC5 /* Assets.xcassets */; };
		5594DA522358BA5D002DBFC5 /* Preview Assets.xcassets in Resources */ = {isa = PBXBuildFile; fileRef = 5594DA512358BA5D002DBFC5 /* Preview Assets.xcassets */; };
		5594DA552358BA5D002DBFC5 /* LaunchScreen.storyboard in Resources */ = {isa = PBXBuildFile; fileRef = 5594DA532358BA5D002DBFC5 /* LaunchScreen.storyboard */; };
		5594DA602358BA5E002DBFC5 /* app_center_sampleTests.swift in Sources */ = {isa = PBXBuildFile; fileRef = 5594DA5F2358BA5E002DBFC5 /* app_center_sampleTests.swift */; };
		5594DA6B2358BA5E002DBFC5 /* app_center_sampleUITests.swift in Sources */ = {isa = PBXBuildFile; fileRef = 5594DA6A2358BA5E002DBFC5 /* app_center_sampleUITests.swift */; };
/* End PBXBuildFile section */

/* Begin PBXContainerItemProxy section */
		5594DA5C2358BA5E002DBFC5 /* PBXContainerItemProxy */ = {
			isa = PBXContainerItemProxy;
			containerPortal = 5594DA3D2358BA5A002DBFC5 /* Project object */;
			proxyType = 1;
			remoteGlobalIDString = 5594DA442358BA5A002DBFC5;
			remoteInfo = "app-center-sample";
		};
		5594DA672358BA5E002DBFC5 /* PBXContainerItemProxy */ = {
			isa = PBXContainerItemProxy;
			containerPortal = 5594DA3D2358BA5A002DBFC5 /* Project object */;
			proxyType = 1;
			remoteGlobalIDString = 5594DA442358BA5A002DBFC5;
			remoteInfo = "app-center-sample";
		};
/* End PBXContainerItemProxy section */

/* Begin PBXFileReference section */
		5594DA452358BA5A002DBFC5 /* app-center-sample.app */ = {isa = PBXFileReference; explicitFileType = wrapper.application; includeInIndex = 0; path = "app-center-sample.app"; sourceTree = BUILT_PRODUCTS_DIR; };
		5594DA482358BA5A002DBFC5 /* AppDelegate.swift */ = {isa = PBXFileReference; lastKnownFileType = sourcecode.swift; path = AppDelegate.swift; sourceTree = "<group>"; };
		5594DA4A2358BA5A002DBFC5 /* SceneDelegate.swift */ = {isa = PBXFileReference; lastKnownFileType = sourcecode.swift; path = SceneDelegate.swift; sourceTree = "<group>"; };
		5594DA4C2358BA5A002DBFC5 /* ContentView.swift */ = {isa = PBXFileReference; lastKnownFileType = sourcecode.swift; path = ContentView.swift; sourceTree = "<group>"; };
		5594DA4E2358BA5D002DBFC5 /* Assets.xcassets */ = {isa = PBXFileReference; lastKnownFileType = folder.assetcatalog; path = Assets.xcassets; sourceTree = "<group>"; };
		5594DA512358BA5D002DBFC5 /* Preview Assets.xcassets */ = {isa = PBXFileReference; lastKnownFileType = folder.assetcatalog; path = "Preview Assets.xcassets"; sourceTree = "<group>"; };
		5594DA542358BA5D002DBFC5 /* Base */ = {isa = PBXFileReference; lastKnownFileType = file.storyboard; name = Base; path = Base.lproj/LaunchScreen.storyboard; sourceTree = "<group>"; };
		5594DA562358BA5D002DBFC5 /* Info.plist */ = {isa = PBXFileReference; lastKnownFileType = text.plist.xml; path = Info.plist; sourceTree = "<group>"; };
		5594DA5B2358BA5E002DBFC5 /* app-center-sampleTests.xctest */ = {isa = PBXFileReference; explicitFileType = wrapper.cfbundle; includeInIndex = 0; path = "app-center-sampleTests.xctest"; sourceTree = BUILT_PRODUCTS_DIR; };
		5594DA5F2358BA5E002DBFC5 /* app_center_sampleTests.swift */ = {isa = PBXFileReference; lastKnownFileType = sourcecode.swift; path = app_center_sampleTests.swift; sourceTree = "<group>"; };
		5594DA612358BA5E002DBFC5 /* Info.plist */ = {isa = PBXFileReference; lastKnownFileType = text.plist.xml; path = Info.plist; sourceTree = "<group>"; };
		5594DA662358BA5E002DBFC5 /* app-center-sampleUITests.xctest */ = {isa = PBXFileReference; explicitFileType = wrapper.cfbundle; includeInIndex = 0; path = "app-center-sampleUITests.xctest"; sourceTree = BUILT_PRODUCTS_DIR; };
		5594DA6A2358BA5E002DBFC5 /* app_center_sampleUITests.swift */ = {isa = PBXFileReference; lastKnownFileType = sourcecode.swift; path = app_center_sampleUITests.swift; sourceTree = "<group>"; };
		5594DA6C2358BA5E002DBFC5 /* Info.plist */ = {isa = PBXFileReference; lastKnownFileType = text.plist.xml; path = Info.plist; sourceTree = "<group>"; };
/* End PBXFileReference section */

/* Begin PBXFrameworksBuildPhase section */
		5594DA422358BA5A002DBFC5 /* Frameworks */ = {
			isa = PBXFrameworksBuildPhase;
			buildActionMask = 2147483647;
			files = (
			);
			runOnlyForDeploymentPostprocessing = 0;
		};
		5594DA582358BA5E002DBFC5 /* Frameworks */ = {
			isa = PBXFrameworksBuildPhase;
			buildActionMask = 2147483647;
			files = (
			);
			runOnlyForDeploymentPostprocessing = 0;
		};
		5594DA632358BA5E002DBFC5 /* Frameworks */ = {
			isa = PBXFrameworksBuildPhase;
			buildActionMask = 2147483647;
			files = (
			);
			runOnlyForDeploymentPostprocessing = 0;
		};
/* End PBXFrameworksBuildPhase section */

/* Begin PBXGroup section */
		5594DA3C2358BA5A002DBFC5 = {
			isa = PBXGroup;
			children = (
				5594DA472358BA5A002DBFC5 /* app-center-sample */,
				5594DA5E2358BA5E002DBFC5 /* app-center-sampleTests */,
				5594DA692358BA5E002DBFC5 /* app-center-sampleUITests */,
				5594DA462358BA5A002DBFC5 /* Products */,
			);
			sourceTree = "<group>";
		};
		5594DA462358BA5A002DBFC5 /* Products */ = {
			isa = PBXGroup;
			children = (
				5594DA452358BA5A002DBFC5 /* app-center-sample.app */,
				5594DA5B2358BA5E002DBFC5 /* app-center-sampleTests.xctest */,
				5594DA662358BA5E002DBFC5 /* app-center-sampleUITests.xctest */,
			);
			name = Products;
			sourceTree = "<group>";
		};
		5594DA472358BA5A002DBFC5 /* app-center-sample */ = {
			isa = PBXGroup;
			children = (
				5594DA482358BA5A002DBFC5 /* AppDelegate.swift */,
				5594DA4A2358BA5A002DBFC5 /* SceneDelegate.swift */,
				5594DA4C2358BA5A002DBFC5 /* ContentView.swift */,
				5594DA4E2358BA5D002DBFC5 /* Assets.xcassets */,
				5594DA532358BA5D002DBFC5 /* LaunchScreen.storyboard */,
				5594DA562358BA5D002DBFC5 /* Info.plist */,
				5594DA502358BA5D002DBFC5 /* Preview Content */,
			);
			path = "app-center-sample";
			sourceTree = "<group>";
		};
		5594DA502358BA5D002DBFC5 /* Preview Content */ = {
			isa = PBXGroup;
			children = (
				5594DA512358BA5D002DBFC5 /* Preview Assets.xcassets */,
			);
			path = "Preview Content";
			sourceTree = "<group>";
		};
		5594DA5E2358BA5E002DBFC5 /* app-center-sampleTests */ = {
			isa = PBXGroup;
			children = (
				5594DA5F2358BA5E002DBFC5 /* app_center_sampleTests.swift */,
				5594DA612358BA5E002DBFC5 /* Info.plist */,
			);
			path = "app-center-sampleTests";
			sourceTree = "<group>";
		};
		5594DA692358BA5E002DBFC5 /* app-center-sampleUITests */ = {
			isa = PBXGroup;
			children = (
				5594DA6A2358BA5E002DBFC5 /* app_center_sampleUITests.swift */,
				5594DA6C2358BA5E002DBFC5 /* Info.plist */,
			);
			path = "app-center-sampleUITests";
			sourceTree = "<group>";
		};
/* End PBXGroup section */

/* Begin PBXNativeTarget section */
		5594DA442358BA5A002DBFC5 /* app-center-sample */ = {
			isa = PBXNativeTarget;
			buildConfigurationList = 5594DA6F2358BA5E002DBFC5 /* Build configuration list for PBXNativeTarget "app-center-sample" */;
			buildPhases = (
				5594DA412358BA5A002DBFC5 /* Sources */,
				5594DA422358BA5A002DBFC5 /* Frameworks */,
				5594DA432358BA5A002DBFC5 /* Resources */,
			);
			buildRules = (
			);
			dependencies = (
			);
			name = "app-center-sample";
			productName = "app-center-sample";
			productReference = 5594DA452358BA5A002DBFC5 /* app-center-sample.app */;
			productType = "com.apple.product-type.application";
		};
		5594DA5A2358BA5E002DBFC5 /* app-center-sampleTests */ = {
			isa = PBXNativeTarget;
			buildConfigurationList = 5594DA722358BA5E002DBFC5 /* Build configuration list for PBXNativeTarget "app-center-sampleTests" */;
			buildPhases = (
				5594DA572358BA5E002DBFC5 /* Sources */,
				5594DA582358BA5E002DBFC5 /* Frameworks */,
				5594DA592358BA5E002DBFC5 /* Resources */,
			);
			buildRules = (
			);
			dependencies = (
				5594DA5D2358BA5E002DBFC5 /* PBXTargetDependency */,
			);
			name = "app-center-sampleTests";
			productName = "app-center-sampleTests";
			productReference = 5594DA5B2358BA5E002DBFC5 /* app-center-sampleTests.xctest */;
			productType = "com.apple.product-type.bundle.unit-test";
		};
		5594DA652358BA5E002DBFC5 /* app-center-sampleUITests */ = {
			isa = PBXNativeTarget;
			buildConfigurationList = 5594DA752358BA5E002DBFC5 /* Build configuration list for PBXNativeTarget "app-center-sampleUITests" */;
			buildPhases = (
				5594DA622358BA5E002DBFC5 /* Sources */,
				5594DA632358BA5E002DBFC5 /* Frameworks */,
				5594DA642358BA5E002DBFC5 /* Resources */,
			);
			buildRules = (
			);
			dependencies = (
				5594DA682358BA5E002DBFC5 /* PBXTargetDependency */,
			);
			name = "app-center-sampleUITests";
			productName = "app-center-sampleUITests";
			productReference = 5594DA662358BA5E002DBFC5 /* app-center-sampleUITests.xctest */;
			productType = "com.apple.product-type.bundle.ui-testing";
		};
/* End PBXNativeTarget section */

/* Begin PBXProject section */
		5594DA3D2358BA5A002DBFC5 /* Project object */ = {
			isa = PBXProject;
			attributes = {
				LastSwiftUpdateCheck = 1100;
				LastUpgradeCheck = 1100;
				ORGANIZATIONNAME = Andrey;
				TargetAttributes = {
					5594DA442358BA5A002DBFC5 = {
						CreatedOnToolsVersion = 11.0;
					};
					5594DA5A2358BA5E002DBFC5 = {
						CreatedOnToolsVersion = 11.0;
						TestTargetID = 5594DA442358BA5A002DBFC5;
					};
					5594DA652358BA5E002DBFC5 = {
						CreatedOnToolsVersion = 11.0;
						TestTargetID = 5594DA442358BA5A002DBFC5;
					};
				};
			};
			buildConfigurationList = 5594DA402358BA5A002DBFC5 /* Build configuration list for PBXProject "app-center-sample" */;
			compatibilityVersion = "Xcode 9.3";
			developmentRegion = en;
			hasScannedForEncodings = 0;
			knownRegions = (
				en,
				Base,
			);
			mainGroup = 5594DA3C2358BA5A002DBFC5;
			productRefGroup = 5594DA462358BA5A002DBFC5 /* Products */;
			projectDirPath = "";
			projectRoot = "";
			targets = (
				5594DA442358BA5A002DBFC5 /* app-center-sample */,
				5594DA5A2358BA5E002DBFC5 /* app-center-sampleTests */,
				5594DA652358BA5E002DBFC5 /* app-center-sampleUITests */,
			);
		};
/* End PBXProject section */

/* Begin PBXResourcesBuildPhase section */
		5594DA432358BA5A002DBFC5 /* Resources */ = {
			isa = PBXResourcesBuildPhase;
			buildActionMask = 2147483647;
			files = (
				5594DA552358BA5D002DBFC5 /* LaunchScreen.storyboard in Resources */,
				5594DA522358BA5D002DBFC5 /* Preview Assets.xcassets in Resources */,
				5594DA4F2358BA5D002DBFC5 /* Assets.xcassets in Resources */,
			);
			runOnlyForDeploymentPostprocessing = 0;
		};
		5594DA592358BA5E002DBFC5 /* Resources */ = {
			isa = PBXResourcesBuildPhase;
			buildActionMask = 2147483647;
			files = (
			);
			runOnlyForDeploymentPostprocessing = 0;
		};
		5594DA642358BA5E002DBFC5 /* Resources */ = {
			isa = PBXResourcesBuildPhase;
			buildActionMask = 2147483647;
			files = (
			);
			runOnlyForDeploymentPostprocessing = 0;
		};
/* End PBXResourcesBuildPhase section */

/* Begin PBXSourcesBuildPhase section */
		5594DA412358BA5A002DBFC5 /* Sources */ = {
			isa = PBXSourcesBuildPhase;
			buildActionMask = 2147483647;
			files = (
				5594DA492358BA5A002DBFC5 /* AppDelegate.swift in Sources */,
				5594DA4B2358BA5A002DBFC5 /* SceneDelegate.swift in Sources */,
				5594DA4D2358BA5A002DBFC5 /* ContentView.swift in Sources */,
			);
			runOnlyForDeploymentPostprocessing = 0;
		};
		5594DA572358BA5E002DBFC5 /* Sources */ = {
			isa = PBXSourcesBuildPhase;
			buildActionMask = 2147483647;
			files = (
				5594DA602358BA5E002DBFC5 /* app_center_sampleTests.swift in Sources */,
			);
			runOnlyForDeploymentPostprocessing = 0;
		};
		5594DA622358BA5E002DBFC5 /* Sources */ = {
			isa = PBXSourcesBuildPhase;
			buildActionMask = 2147483647;
			files = (
				5594DA6B2358BA5E002DBFC5 /* app_center_sampleUITests.swift in Sources */,
			);
			runOnlyForDeploymentPostprocessing = 0;
		};
/* End PBXSourcesBuildPhase section */

/* Begin PBXTargetDependency section */
		5594DA5D2358BA5E002DBFC5 /* PBXTargetDependency */ = {
			isa = PBXTargetDependency;
			target = 5594DA442358BA5A002DBFC5 /* app-center-sample */;
			targetProxy = 5594DA5C2358BA5E002DBFC5 /* PBXContainerItemProxy */;
		};
		5594DA682358BA5E002DBFC5 /* PBXTargetDependency */ = {
			isa = PBXTargetDependency;
			target = 5594DA442358BA5A002DBFC5 /* app-center-sample */;
			targetProxy = 5594DA672358BA5E002DBFC5 /* PBXContainerItemProxy */;
		};
/* End PBXTargetDependency section */

/* Begin PBXVariantGroup section */
		5594DA532358BA5D002DBFC5 /* LaunchScreen.storyboard */ = {
			isa = PBXVariantGroup;
			children = (
				5594DA542358BA5D002DBFC5 /* Base */,
			);
			name = LaunchScreen.storyboard;
			sourceTree = "<group>";
		};
/* End PBXVariantGroup section */

/* Begin XCBuildConfiguration section */
		5594DA6D2358BA5E002DBFC5 /* Debug */ = {
			isa = XCBuildConfiguration;
			buildSettings = {
				ALWAYS_SEARCH_USER_PATHS = NO;
				CLANG_ANALYZER_NONNULL = YES;
				CLANG_ANALYZER_NUMBER_OBJECT_CONVERSION = YES_AGGRESSIVE;
				CLANG_CXX_LANGUAGE_STANDARD = "gnu++14";
				CLANG_CXX_LIBRARY = "libc++";
				CLANG_ENABLE_MODULES = YES;
				CLANG_ENABLE_OBJC_ARC = YES;
				CLANG_ENABLE_OBJC_WEAK = YES;
				CLANG_WARN_BLOCK_CAPTURE_AUTORELEASING = YES;
				CLANG_WARN_BOOL_CONVERSION = YES;
				CLANG_WARN_COMMA = YES;
				CLANG_WARN_CONSTANT_CONVERSION = YES;
				CLANG_WARN_DEPRECATED_OBJC_IMPLEMENTATIONS = YES;
				CLANG_WARN_DIRECT_OBJC_ISA_USAGE = YES_ERROR;
				CLANG_WARN_DOCUMENTATION_COMMENTS = YES;
				CLANG_WARN_EMPTY_BODY = YES;
				CLANG_WARN_ENUM_CONVERSION = YES;
				CLANG_WARN_INFINITE_RECURSION = YES;
				CLANG_WARN_INT_CONVERSION = YES;
				CLANG_WARN_NON_LITERAL_NULL_CONVERSION = YES;
				CLANG_WARN_OBJC_IMPLICIT_RETAIN_SELF = YES;
				CLANG_WARN_OBJC_LITERAL_CONVERSION = YES;
				CLANG_WARN_OBJC_ROOT_CLASS = YES_ERROR;
				CLANG_WARN_RANGE_LOOP_ANALYSIS = YES;
				CLANG_WARN_STRICT_PROTOTYPES = YES;
				CLANG_WARN_SUSPICIOUS_MOVE = YES;
				CLANG_WARN_UNGUARDED_AVAILABILITY = YES_AGGRESSIVE;
				CLANG_WARN_UNREACHABLE_CODE = YES;
				CLANG_WARN__DUPLICATE_METHOD_MATCH = YES;
				COPY_PHASE_STRIP = NO;
				DEBUG_INFORMATION_FORMAT = dwarf;
				ENABLE_STRICT_OBJC_MSGSEND = YES;
				ENABLE_TESTABILITY = YES;
				GCC_C_LANGUAGE_STANDARD = gnu11;
				GCC_DYNAMIC_NO_PIC = NO;
				GCC_NO_COMMON_BLOCKS = YES;
				GCC_OPTIMIZATION_LEVEL = 0;
				GCC_PREPROCESSOR_DEFINITIONS = (
					"DEBUG=1",
					"$(inherited)",
				);
				GCC_WARN_64_TO_32_BIT_CONVERSION = YES;
				GCC_WARN_ABOUT_RETURN_TYPE = YES_ERROR;
				GCC_WARN_UNDECLARED_SELECTOR = YES;
				GCC_WARN_UNINITIALIZED_AUTOS = YES_AGGRESSIVE;
				GCC_WARN_UNUSED_FUNCTION = YES;
				GCC_WARN_UNUSED_VARIABLE = YES;
				IPHONEOS_DEPLOYMENT_TARGET = 13.0;
				MTL_ENABLE_DEBUG_INFO = INCLUDE_SOURCE;
				MTL_FAST_MATH = YES;
				ONLY_ACTIVE_ARCH = YES;
				SDKROOT = iphoneos;
				SWIFT_ACTIVE_COMPILATION_CONDITIONS = DEBUG;
				SWIFT_OPTIMIZATION_LEVEL = "-Onone";
			};
			name = Debug;
		};
		5594DA6E2358BA5E002DBFC5 /* Release */ = {
			isa = XCBuildConfiguration;
			buildSettings = {
				ALWAYS_SEARCH_USER_PATHS = NO;
				CLANG_ANALYZER_NONNULL = YES;
				CLANG_ANALYZER_NUMBER_OBJECT_CONVERSION = YES_AGGRESSIVE;
				CLANG_CXX_LANGUAGE_STANDARD = "gnu++14";
				CLANG_CXX_LIBRARY = "libc++";
				CLANG_ENABLE_MODULES = YES;
				CLANG_ENABLE_OBJC_ARC = YES;
				CLANG_ENABLE_OBJC_WEAK = YES;
				CLANG_WARN_BLOCK_CAPTURE_AUTORELEASING = YES;
				CLANG_WARN_BOOL_CONVERSION = YES;
				CLANG_WARN_COMMA = YES;
				CLANG_WARN_CONSTANT_CONVERSION = YES;
				CLANG_WARN_DEPRECATED_OBJC_IMPLEMENTATIONS = YES;
				CLANG_WARN_DIRECT_OBJC_ISA_USAGE = YES_ERROR;
				CLANG_WARN_DOCUMENTATION_COMMENTS = YES;
				CLANG_WARN_EMPTY_BODY = YES;
				CLANG_WARN_ENUM_CONVERSION = YES;
				CLANG_WARN_INFINITE_RECURSION = YES;
				CLANG_WARN_INT_CONVERSION = YES;
				CLANG_WARN_NON_LITERAL_NULL_CONVERSION = YES;
				CLANG_WARN_OBJC_IMPLICIT_RETAIN_SELF = YES;
				CLANG_WARN_OBJC_LITERAL_CONVERSION = YES;
				CLANG_WARN_OBJC_ROOT_CLASS = YES_ERROR;
				CLANG_WARN_RANGE_LOOP_ANALYSIS = YES;
				CLANG_WARN_STRICT_PROTOTYPES = YES;
				CLANG_WARN_SUSPICIOUS_MOVE = YES;
				CLANG_WARN_UNGUARDED_AVAILABILITY = YES_AGGRESSIVE;
				CLANG_WARN_UNREACHABLE_CODE = YES;
				CLANG_WARN__DUPLICATE_METHOD_MATCH = YES;
				COPY_PHASE_STRIP = NO;
				DEBUG_INFORMATION_FORMAT = "dwarf-with-dsym";
				ENABLE_NS_ASSERTIONS = NO;
				ENABLE_STRICT_OBJC_MSGSEND = YES;
				GCC_C_LANGUAGE_STANDARD = gnu11;
				GCC_NO_COMMON_BLOCKS = YES;
				GCC_WARN_64_TO_32_BIT_CONVERSION = YES;
				GCC_WARN_ABOUT_RETURN_TYPE = YES_ERROR;
				GCC_WARN_UNDECLARED_SELECTOR = YES;
				GCC_WARN_UNINITIALIZED_AUTOS = YES_AGGRESSIVE;
				GCC_WARN_UNUSED_FUNCTION = YES;
				GCC_WARN_UNUSED_VARIABLE = YES;
				IPHONEOS_DEPLOYMENT_TARGET = 13.0;
				MTL_ENABLE_DEBUG_INFO = NO;
				MTL_FAST_MATH = YES;
				SDKROOT = iphoneos;
				SWIFT_COMPILATION_MODE = wholemodule;
				SWIFT_OPTIMIZATION_LEVEL = "-O";
				VALIDATE_PRODUCT = YES;
			};
			name = Release;
		};
		5594DA702358BA5E002DBFC5 /* Debug */ = {
			isa = XCBuildConfiguration;
			buildSettings = {
				ASSETCATALOG_COMPILER_APPICON_NAME = AppIcon;
				CODE_SIGN_STYLE = Automatic;
				DEVELOPMENT_ASSET_PATHS = "\"app-center-sample/Preview Content\"";
				DEVELOPMENT_TEAM = Z7XFL4SZP8;
				ENABLE_PREVIEWS = YES;
				INFOPLIST_FILE = "app-center-sample/Info.plist";
				LD_RUNPATH_SEARCH_PATHS = (
					"$(inherited)",
					"@executable_path/Frameworks",
				);
				PRODUCT_BUNDLE_IDENTIFIER = "com.andrey.maslennikov.app-center-sample";
				PRODUCT_NAME = "$(TARGET_NAME)";
				SWIFT_VERSION = 5.0;
				TARGETED_DEVICE_FAMILY = "1,2";
			};
			name = Debug;
		};
		5594DA712358BA5E002DBFC5 /* Release */ = {
			isa = XCBuildConfiguration;
			buildSettings = {
				ASSETCATALOG_COMPILER_APPICON_NAME = AppIcon;
				CODE_SIGN_STYLE = Automatic;
				DEVELOPMENT_ASSET_PATHS = "\"app-center-sample/Preview Content\"";
				DEVELOPMENT_TEAM = Z7XFL4SZP8;
				ENABLE_PREVIEWS = YES;
				INFOPLIST_FILE = "app-center-sample/Info.plist";
				LD_RUNPATH_SEARCH_PATHS = (
					"$(inherited)",
					"@executable_path/Frameworks",
				);
				PRODUCT_BUNDLE_IDENTIFIER = "com.andrey.maslennikov.app-center-sample";
				PRODUCT_NAME = "$(TARGET_NAME)";
				SWIFT_VERSION = 5.0;
				TARGETED_DEVICE_FAMILY = "1,2";
			};
			name = Release;
		};
		5594DA732358BA5E002DBFC5 /* Debug */ = {
			isa = XCBuildConfiguration;
			buildSettings = {
				ALWAYS_EMBED_SWIFT_STANDARD_LIBRARIES = YES;
				BUNDLE_LOADER = "$(TEST_HOST)";
				CODE_SIGN_STYLE = Automatic;
				DEVELOPMENT_TEAM = Z7XFL4SZP8;
				INFOPLIST_FILE = "app-center-sampleTests/Info.plist";
				IPHONEOS_DEPLOYMENT_TARGET = 13.0;
				LD_RUNPATH_SEARCH_PATHS = (
					"$(inherited)",
					"@executable_path/Frameworks",
					"@loader_path/Frameworks",
				);
				PRODUCT_BUNDLE_IDENTIFIER = "com.andrey.maslennikov.app-center-sampleTests";
				PRODUCT_NAME = "$(TARGET_NAME)";
				SWIFT_VERSION = 5.0;
				TARGETED_DEVICE_FAMILY = "1,2";
				TEST_HOST = "$(BUILT_PRODUCTS_DIR)/app-center-sample.app/app-center-sample";
			};
			name = Debug;
		};
		5594DA742358BA5E002DBFC5 /* Release */ = {
			isa = XCBuildConfiguration;
			buildSettings = {
				ALWAYS_EMBED_SWIFT_STANDARD_LIBRARIES = YES;
				BUNDLE_LOADER = "$(TEST_HOST)";
				CODE_SIGN_STYLE = Automatic;
				DEVELOPMENT_TEAM = Z7XFL4SZP8;
				INFOPLIST_FILE = "app-center-sampleTests/Info.plist";
				IPHONEOS_DEPLOYMENT_TARGET = 13.0;
				LD_RUNPATH_SEARCH_PATHS = (
					"$(inherited)",
					"@executable_path/Frameworks",
					"@loader_path/Frameworks",
				);
				PRODUCT_BUNDLE_IDENTIFIER = "com.andrey.maslennikov.app-center-sampleTests";
				PRODUCT_NAME = "$(TARGET_NAME)";
				SWIFT_VERSION = 5.0;
				TARGETED_DEVICE_FAMILY = "1,2";
				TEST_HOST = "$(BUILT_PRODUCTS_DIR)/app-center-sample.app/app-center-sample";
			};
			name = Release;
		};
		5594DA762358BA5E002DBFC5 /* Debug */ = {
			isa = XCBuildConfiguration;
			buildSettings = {
				ALWAYS_EMBED_SWIFT_STANDARD_LIBRARIES = YES;
				CODE_SIGN_STYLE = Automatic;
				DEVELOPMENT_TEAM = Z7XFL4SZP8;
				INFOPLIST_FILE = "app-center-sampleUITests/Info.plist";
				LD_RUNPATH_SEARCH_PATHS = (
					"$(inherited)",
					"@executable_path/Frameworks",
					"@loader_path/Frameworks",
				);
				PRODUCT_BUNDLE_IDENTIFIER = "com.andrey.maslennikov.app-center-sampleUITests";
				PRODUCT_NAME = "$(TARGET_NAME)";
				SWIFT_VERSION = 5.0;
				TARGETED_DEVICE_FAMILY = "1,2";
				TEST_TARGET_NAME = "app-center-sample";
			};
			name = Debug;
		};
		5594DA772358BA5E002DBFC5 /* Release */ = {
			isa = XCBuildConfiguration;
			buildSettings = {
				ALWAYS_EMBED_SWIFT_STANDARD_LIBRARIES = YES;
				CODE_SIGN_STYLE = Automatic;
				DEVELOPMENT_TEAM = Z7XFL4SZP8;
				INFOPLIST_FILE = "app-center-sampleUITests/Info.plist";
				LD_RUNPATH_SEARCH_PATHS = (
					"$(inherited)",
					"@executable_path/Frameworks",
					"@loader_path/Frameworks",
				);
				PRODUCT_BUNDLE_IDENTIFIER = "com.andrey.maslennikov.app-center-sampleUITests";
				PRODUCT_NAME = "$(TARGET_NAME)";
				SWIFT_VERSION = 5.0;
				TARGETED_DEVICE_FAMILY = "1,2";
				TEST_TARGET_NAME = "app-center-sample";
			};
			name = Release;
		};
/* End XCBuildConfiguration section */

/* Begin XCConfigurationList section */
		5594DA402358BA5A002DBFC5 /* Build configuration list for PBXProject "app-center-sample" */ = {
			isa = XCConfigurationList;
			buildConfigurations = (
				5594DA6D2358BA5E002DBFC5 /* Debug */,
				5594DA6E2358BA5E002DBFC5 /* Release */,
			);
			defaultConfigurationIsVisible = 0;
			defaultConfigurationName = Release;
		};
		5594DA6F2358BA5E002DBFC5 /* Build configuration list for PBXNativeTarget "app-center-sample" */ = {
			isa = XCConfigurationList;
			buildConfigurations = (
				5594DA702358BA5E002DBFC5 /* Debug */,
				5594DA712358BA5E002DBFC5 /* Release */,
			);
			defaultConfigurationIsVisible = 0;
			defaultConfigurationName = Release;
		};
		5594DA722358BA5E002DBFC5 /* Build configuration list for PBXNativeTarget "app-center-sampleTests" */ = {
			isa = XCConfigurationList;
			buildConfigurations = (
				5594DA732358BA5E002DBFC5 /* Debug */,
				5594DA742358BA5E002DBFC5 /* Release */,
			);
			defaultConfigurationIsVisible = 0;
			defaultConfigurationName = Release;
		};
		5594DA752358BA5E002DBFC5 /* Build configuration list for PBXNativeTarget "app-center-sampleUITests" */ = {
			isa = XCConfigurationList;
			buildConfigurations = (
				5594DA762358BA5E002DBFC5 /* Debug */,
				5594DA772358BA5E002DBFC5 /* Release */,
			);
			defaultConfigurationIsVisible = 0;
			defaultConfigurationName = Release;
		};
/* End XCConfigurationList section */
	};
	rootObject = 5594DA3D2358BA5A002DBFC5 /* Project object */;
}
